
Microsoft Visual Studio Solution File, Format Version 12.00
# Visual Studio Version 16
VisualStudioVersion = 16.0.29230.47
MinimumVisualStudioVersion = 10.0.40219.1
Project("{9A19103F-16F7-4668-BE54-9A1E7A4F7556}") = "CuidaTuAbuelo", "CuidaTuAbuelo\CuidaTuAbuelo.csproj", "{4321A704-EFD8-4E6F-BEB8-BD3D0E9A9D71}"
EndProject
Project("{FAE04EC0-301F-11D3-BF4B-00C04F79EFBC}") = "CuidaTuAbuelo.DataAccess", "CuidaTuAbuelo.DataAccess\CuidaTuAbuelo.DataAccess.csproj", "{36476A74-37D3-473E-BF7F-07BEEF2CC7F5}"
EndProject
Project("{FAE04EC0-301F-11D3-BF4B-00C04F79EFBC}") = "CuidaTuAbuelo.Logic", "CuidaTuAbuelo.Logic\CuidaTuAbuelo.Logic.csproj", "{19B7701B-7920-4805-B399-86A8B467818B}"
EndProject
Global
	GlobalSection(SolutionConfigurationPlatforms) = preSolution
		Debug|Any CPU = Debug|Any CPU
		Release|Any CPU = Release|Any CPU
	EndGlobalSection
	GlobalSection(ProjectConfigurationPlatforms) = postSolution
		{4321A704-EFD8-4E6F-BEB8-BD3D0E9A9D71}.Debug|Any CPU.ActiveCfg = Debug|Any CPU
		{4321A704-EFD8-4E6F-BEB8-BD3D0E9A9D71}.Debug|Any CPU.Build.0 = Debug|Any CPU
		{4321A704-EFD8-4E6F-BEB8-BD3D0E9A9D71}.Release|Any CPU.ActiveCfg = Release|Any CPU
		{4321A704-EFD8-4E6F-BEB8-BD3D0E9A9D71}.Release|Any CPU.Build.0 = Release|Any CPU
		{36476A74-37D3-473E-BF7F-07BEEF2CC7F5}.Debug|Any CPU.ActiveCfg = Debug|Any CPU
		{36476A74-37D3-473E-BF7F-07BEEF2CC7F5}.Debug|Any CPU.Build.0 = Debug|Any CPU
		{36476A74-37D3-473E-BF7F-07BEEF2CC7F5}.Release|Any CPU.ActiveCfg = Release|Any CPU
		{36476A74-37D3-473E-BF7F-07BEEF2CC7F5}.Release|Any CPU.Build.0 = Release|Any CPU
		{19B7701B-7920-4805-B399-86A8B467818B}.Debug|Any CPU.ActiveCfg = Debug|Any CPU
		{19B7701B-7920-4805-B399-86A8B467818B}.Debug|Any CPU.Build.0 = Debug|Any CPU
		{19B7701B-7920-4805-B399-86A8B467818B}.Release|Any CPU.ActiveCfg = Release|Any CPU
		{19B7701B-7920-4805-B399-86A8B467818B}.Release|Any CPU.Build.0 = Release|Any CPU
	EndGlobalSection
	GlobalSection(SolutionProperties) = preSolution
		HideSolutionNode = FALSE
	EndGlobalSection
	GlobalSection(ExtensibilityGlobals) = postSolution
		SolutionGuid = {F3299C59-31E4-4595-A9BE-53703556A394}
	EndGlobalSection
EndGlobal
